
Microsoft Visual Studio Solution File, Format Version 12.00
# Visual Studio Version 17
VisualStudioVersion = 17.2.32630.192
MinimumVisualStudioVersion = 10.0.40219.1
Project("{FAE04EC0-301F-11D3-BF4B-00C04F79EFBC}") = "TrackerLibrary", "TrackerLibrary\TrackerLibrary.csproj", "{3B0ACA21-803B-4F48-B428-DEFDFAA029D8}"
EndProject
Project("{FAE04EC0-301F-11D3-BF4B-00C04F79EFBC}") = "TrackerUI", "TrackerUI\TrackerUI.csproj", "{A8A619AA-0F45-4F9B-A58C-80DC73879307}"
EndProject
Global
	GlobalSection(SolutionConfigurationPlatforms) = preSolution
		Debug|Any CPU = Debug|Any CPU
		Release|Any CPU = Release|Any CPU
	EndGlobalSection
	GlobalSection(ProjectConfigurationPlatforms) = postSolution
		{3B0ACA21-803B-4F48-B428-DEFDFAA029D8}.Debug|Any CPU.ActiveCfg = Debug|Any CPU
		{3B0ACA21-803B-4F48-B428-DEFDFAA029D8}.Debug|Any CPU.Build.0 = Debug|Any CPU
		{3B0ACA21-803B-4F48-B428-DEFDFAA029D8}.Release|Any CPU.ActiveCfg = Release|Any CPU
		{3B0ACA21-803B-4F48-B428-DEFDFAA029D8}.Release|Any CPU.Build.0 = Release|Any CPU
		{A8A619AA-0F45-4F9B-A58C-80DC73879307}.Debug|Any CPU.ActiveCfg = Debug|Any CPU
		{A8A619AA-0F45-4F9B-A58C-80DC73879307}.Debug|Any CPU.Build.0 = Debug|Any CPU
		{A8A619AA-0F45-4F9B-A58C-80DC73879307}.Release|Any CPU.ActiveCfg = Release|Any CPU
		{A8A619AA-0F45-4F9B-A58C-80DC73879307}.Release|Any CPU.Build.0 = Release|Any CPU
	EndGlobalSection
	GlobalSection(SolutionProperties) = preSolution
		HideSolutionNode = FALSE
	EndGlobalSection
	GlobalSection(ExtensibilityGlobals) = postSolution
		SolutionGuid = {58099660-BEC3-408F-BF70-D6AECBE92445}
	EndGlobalSection
EndGlobal
